
Microsoft Visual Studio Solution File, Format Version 12.00
# Visual Studio Version 17
VisualStudioVersion = 17.9.34607.119
MinimumVisualStudioVersion = 10.0.40219.1
Project("{FAE04EC0-301F-11D3-BF4B-00C04F79EFBC}") = "TestovoeZadanie2", "TestovoeZadanie2\TestovoeZadanie2.csproj", "{B9A19D9E-DC52-4C94-AFE8-5FCBA4F3305C}"
EndProject
Global
	GlobalSection(SolutionConfigurationPlatforms) = preSolution
		Debug|Any CPU = Debug|Any CPU
		Release|Any CPU = Release|Any CPU
	EndGlobalSection
	GlobalSection(ProjectConfigurationPlatforms) = postSolution
		{B9A19D9E-DC52-4C94-AFE8-5FCBA4F3305C}.Debug|Any CPU.ActiveCfg = Debug|Any CPU
		{B9A19D9E-DC52-4C94-AFE8-5FCBA4F3305C}.Debug|Any CPU.Build.0 = Debug|Any CPU
		{B9A19D9E-DC52-4C94-AFE8-5FCBA4F3305C}.Release|Any CPU.ActiveCfg = Release|Any CPU
		{B9A19D9E-DC52-4C94-AFE8-5FCBA4F3305C}.Release|Any CPU.Build.0 = Release|Any CPU
	EndGlobalSection
	GlobalSection(SolutionProperties) = preSolution
		HideSolutionNode = FALSE
	EndGlobalSection
	GlobalSection(ExtensibilityGlobals) = postSolution
		SolutionGuid = {F9F49529-5C58-4C3D-B631-18C0795F20ED}
	EndGlobalSection
EndGlobal
